[root]
name = "cargo-clippy"
version = "0.1.0"
dependencies = [
 "clippy 0.0.12 (git+https://github.com/Manishearth/rust-clippy)",
 "glob 0.2.10 (registry+https://github.com/rust-lang/crates.io-index)",
]

[[package]]
name = "clippy"
version = "0.0.12"
source = "git+https://github.com/Manishearth/rust-clippy#2abc5ab97cb0d09a095fd44cd74c6a8c48f26b68"

[[package]]
name = "glob"
version = "0.2.10"
source = "registry+https://github.com/rust-lang/crates.io-index"

